
Microsoft Visual Studio Solution File, Format Version 12.00
# Visual Studio Version 17
VisualStudioVersion = 17.5.002.0
MinimumVisualStudioVersion = 10.0.40219.1
Project("{9A19103F-16F7-4668-BE54-9A1E7A4F7556}") = "OSOS-Task-ASP", "OSOS-Task-ASP.csproj", "{F7E2110D-2C8A-4096-A094-93A876A15024}"
EndProject
Global
	GlobalSection(SolutionConfigurationPlatforms) = preSolution
		Debug|Any CPU = Debug|Any CPU
		Release|Any CPU = Release|Any CPU
	EndGlobalSection
	GlobalSection(ProjectConfigurationPlatforms) = postSolution
		{F7E2110D-2C8A-4096-A094-93A876A15024}.Debug|Any CPU.ActiveCfg = Debug|Any CPU
		{F7E2110D-2C8A-4096-A094-93A876A15024}.Debug|Any CPU.Build.0 = Debug|Any CPU
		{F7E2110D-2C8A-4096-A094-93A876A15024}.Release|Any CPU.ActiveCfg = Release|Any CPU
		{F7E2110D-2C8A-4096-A094-93A876A15024}.Release|Any CPU.Build.0 = Release|Any CPU
	EndGlobalSection
	GlobalSection(SolutionProperties) = preSolution
		HideSolutionNode = FALSE
	EndGlobalSection
	GlobalSection(ExtensibilityGlobals) = postSolution
		SolutionGuid = {048513D6-4612-4082-B688-45FBF5BDFA07}
	EndGlobalSection
EndGlobal
